
Microsoft Visual Studio Solution File, Format Version 12.00
# Visual Studio Version 17
VisualStudioVersion = 17.13.35931.197 d17.13
MinimumVisualStudioVersion = 10.0.40219.1
Project("{FAE04EC0-301F-11D3-BF4B-00C04F79EFBC}") = "FEENALOoFINALE", "FEENALOoFINALE.csproj", "{4D2E61B7-4E91-446E-B99E-4D64866E5A25}"
EndProject
Global
	GlobalSection(SolutionConfigurationPlatforms) = preSolution
		Debug|Any CPU = Debug|Any CPU
		Release|Any CPU = Release|Any CPU
	EndGlobalSection
	GlobalSection(ProjectConfigurationPlatforms) = postSolution
		{4D2E61B7-4E91-446E-B99E-4D64866E5A25}.Debug|Any CPU.ActiveCfg = Debug|Any CPU
		{4D2E61B7-4E91-446E-B99E-4D64866E5A25}.Debug|Any CPU.Build.0 = Debug|Any CPU
		{4D2E61B7-4E91-446E-B99E-4D64866E5A25}.Release|Any CPU.ActiveCfg = Release|Any CPU
		{4D2E61B7-4E91-446E-B99E-4D64866E5A25}.Release|Any CPU.Build.0 = Release|Any CPU
	EndGlobalSection
	GlobalSection(SolutionProperties) = preSolution
		HideSolutionNode = FALSE
	EndGlobalSection
	GlobalSection(ExtensibilityGlobals) = postSolution
		SolutionGuid = {82EC7A48-D5C8-4E9C-94ED-1ABEDF40CF74}
	EndGlobalSection
EndGlobal
